{
  "nodes": {
    "nixpkgs": {
      "locked": {
        "lastModified": 1790900731,
        "narHash": "sha256-hN0CQnSu9nEyRbTvxLQch7XcgWLDk8ervw+3UqUYmno=",
        "owner": "NixOS",
        "repo": "nixpkgs",
        "rev": "97046051a177cd77a76121b011cab83209b76701",
        "type": "github"
      },
      "original": {
        "owner": "NixOS",
        "repo": "nixpkgs",
        "type": "github"
      }
    },
    "root": {
      "inputs": {
        "nixpkgs": "nixpkgs"
      }
    }
  },
  "root": "root",
  "version": 7
}
